
Microsoft Visual Studio Solution File, Format Version 12.00
# Visual Studio Version 17
VisualStudioVersion = 17.0.31903.59
MinimumVisualStudioVersion = 10.0.40219.1
Project("{2150E333-8FDC-42A3-9474-1A3956D46DE8}") = "src", "src", "{2D6B277C-B4A5-4D02-B989-2A9C55EFD624}"
EndProject
Project("{FAE04EC0-301F-11D3-BF4B-00C04F79EFBC}") = "MyProject.Api", "src\MyProject.Api\MyProject.Api.csproj", "{4D1D39F6-E62B-4F81-9D86-B58663B05D94}"
EndProject
Project("{FAE04EC0-301F-11D3-BF4B-00C04F79EFBC}") = "MyProject.Application", "src\MyProject.Application\MyProject.Application.csproj", "{778C6F3E-C72C-45B4-AD3F-F4A29BA311C3}"
EndProject
Project("{FAE04EC0-301F-11D3-BF4B-00C04F79EFBC}") = "MyProject.Domain", "src\MyProject.Domain\MyProject.Domain.csproj", "{16C16876-997A-43AA-A4EC-D769E28A7614}"
EndProject
Project("{FAE04EC0-301F-11D3-BF4B-00C04F79EFBC}") = "MyProject.Infrastructure", "src\MyProject.Infrastructure\MyProject.Infrastructure.csproj", "{25D1DE25-35C5-4CB1-8492-361073902B5A}"
EndProject
Project("{FAE04EC0-301F-11D3-BF4B-00C04F79EFBC}") = "MyProject.Tests", "MyProject.Tests\MyProject.Tests.csproj", "{0B7EBC66-F8E2-4986-B6CF-049A7394B874}"
EndProject
Global
	GlobalSection(SolutionConfigurationPlatforms) = preSolution
		Debug|Any CPU = Debug|Any CPU
		Release|Any CPU = Release|Any CPU
	EndGlobalSection
	GlobalSection(SolutionProperties) = preSolution
		HideSolutionNode = FALSE
	EndGlobalSection
	GlobalSection(ProjectConfigurationPlatforms) = postSolution
		{4D1D39F6-E62B-4F81-9D86-B58663B05D94}.Debug|Any CPU.ActiveCfg = Debug|Any CPU
		{4D1D39F6-E62B-4F81-9D86-B58663B05D94}.Debug|Any CPU.Build.0 = Debug|Any CPU
		{4D1D39F6-E62B-4F81-9D86-B58663B05D94}.Release|Any CPU.ActiveCfg = Release|Any CPU
		{4D1D39F6-E62B-4F81-9D86-B58663B05D94}.Release|Any CPU.Build.0 = Release|Any CPU
		{778C6F3E-C72C-45B4-AD3F-F4A29BA311C3}.Debug|Any CPU.ActiveCfg = Debug|Any CPU
		{778C6F3E-C72C-45B4-AD3F-F4A29BA311C3}.Debug|Any CPU.Build.0 = Debug|Any CPU
		{778C6F3E-C72C-45B4-AD3F-F4A29BA311C3}.Release|Any CPU.ActiveCfg = Release|Any CPU
		{778C6F3E-C72C-45B4-AD3F-F4A29BA311C3}.Release|Any CPU.Build.0 = Release|Any CPU
		{16C16876-997A-43AA-A4EC-D769E28A7614}.Debug|Any CPU.ActiveCfg = Debug|Any CPU
		{16C16876-997A-43AA-A4EC-D769E28A7614}.Debug|Any CPU.Build.0 = Debug|Any CPU
		{16C16876-997A-43AA-A4EC-D769E28A7614}.Release|Any CPU.ActiveCfg = Release|Any CPU
		{16C16876-997A-43AA-A4EC-D769E28A7614}.Release|Any CPU.Build.0 = Release|Any CPU
		{25D1DE25-35C5-4CB1-8492-361073902B5A}.Debug|Any CPU.ActiveCfg = Debug|Any CPU
		{25D1DE25-35C5-4CB1-8492-361073902B5A}.Debug|Any CPU.Build.0 = Debug|Any CPU
		{25D1DE25-35C5-4CB1-8492-361073902B5A}.Release|Any CPU.ActiveCfg = Release|Any CPU
		{25D1DE25-35C5-4CB1-8492-361073902B5A}.Release|Any CPU.Build.0 = Release|Any CPU
		{0B7EBC66-F8E2-4986-B6CF-049A7394B874}.Debug|Any CPU.ActiveCfg = Debug|Any CPU
		{0B7EBC66-F8E2-4986-B6CF-049A7394B874}.Debug|Any CPU.Build.0 = Debug|Any CPU
		{0B7EBC66-F8E2-4986-B6CF-049A7394B874}.Release|Any CPU.ActiveCfg = Release|Any CPU
		{0B7EBC66-F8E2-4986-B6CF-049A7394B874}.Release|Any CPU.Build.0 = Release|Any CPU
	EndGlobalSection
	GlobalSection(NestedProjects) = preSolution
		{4D1D39F6-E62B-4F81-9D86-B58663B05D94} = {2D6B277C-B4A5-4D02-B989-2A9C55EFD624}
		{778C6F3E-C72C-45B4-AD3F-F4A29BA311C3} = {2D6B277C-B4A5-4D02-B989-2A9C55EFD624}
		{16C16876-997A-43AA-A4EC-D769E28A7614} = {2D6B277C-B4A5-4D02-B989-2A9C55EFD624}
		{25D1DE25-35C5-4CB1-8492-361073902B5A} = {2D6B277C-B4A5-4D02-B989-2A9C55EFD624}
	EndGlobalSection
EndGlobal
